// !$*UTF8*$!
{
	archiveVersion = 1;
	classes = {
	};
	objectVersion = 55;
	objects = {

/* Begin PBXBuildFile section */
		90B32C57712EAEFD5F74DEE1 /* Pods_bankey_app.framework in Frameworks */ = {isa = PBXBuildFile; fileRef = 0B139930E51693718959B43E /* Pods_bankey_app.framework */; };
		9C25F00929750D6100B285E4 /* SummaryCell.swift in Sources */ = {isa = PBXBuildFile; fileRef = 9C25F00829750D6100B285E4 /* SummaryCell.swift */; };
		9C3FDFA7296FCBD20051E11C /* HomeViewController.swift in Sources */ = {isa = PBXBuildFile; fileRef = 9C3FDFA6296FCBD20051E11C /* HomeViewController.swift */; };
		9C3FDFAA296FD6470051E11C /* LocalState.swift in Sources */ = {isa = PBXBuildFile; fileRef = 9C3FDFA9296FD6470051E11C /* LocalState.swift */; };
		9C3FDFAC296FE2A20051E11C /* Extensions.swift in Sources */ = {isa = PBXBuildFile; fileRef = 9C3FDFAB296FE2A20051E11C /* Extensions.swift */; };
		9C3FDFAE296FE4250051E11C /* MainViewController.swift in Sources */ = {isa = PBXBuildFile; fileRef = 9C3FDFAD296FE4250051E11C /* MainViewController.swift */; };
		9C3FDFB129726E100051E11C /* SummaryViewController.swift in Sources */ = {isa = PBXBuildFile; fileRef = 9C3FDFB029726E100051E11C /* SummaryViewController.swift */; };
		9C3FDFB3297272310051E11C /* SummaryHeaderView.swift in Sources */ = {isa = PBXBuildFile; fileRef = 9C3FDFB2297272310051E11C /* SummaryHeaderView.swift */; };
		9CA51A09296A976100B72BA9 /* OnboardingContainerViewController.swift in Sources */ = {isa = PBXBuildFile; fileRef = 9CA51A08296A976100B72BA9 /* OnboardingContainerViewController.swift */; };
		9CA51A0B296C452000B72BA9 /* OnboardingViewController.swift in Sources */ = {isa = PBXBuildFile; fileRef = 9CA51A0A296C452000B72BA9 /* OnboardingViewController.swift */; };
		9CA51A0D296C452D00B72BA9 /* OnboardingView.swift in Sources */ = {isa = PBXBuildFile; fileRef = 9CA51A0C296C452D00B72BA9 /* OnboardingView.swift */; };
		9CB897A4296894FE0069B800 /* AppDelegate.swift in Sources */ = {isa = PBXBuildFile; fileRef = 9CB897A3296894FE0069B800 /* AppDelegate.swift */; };
		9CB897A8296894FE0069B800 /* LoginViewController.swift in Sources */ = {isa = PBXBuildFile; fileRef = 9CB897A7296894FE0069B800 /* LoginViewController.swift */; };
		9CB897AD296895000069B800 /* Assets.xcassets in Resources */ = {isa = PBXBuildFile; fileRef = 9CB897AC296895000069B800 /* Assets.xcassets */; };
		9CB897B0296895000069B800 /* LaunchScreen.storyboard in Resources */ = {isa = PBXBuildFile; fileRef = 9CB897AE296895000069B800 /* LaunchScreen.storyboard */; };
		9CB897BA29693C9F0069B800 /* LoginView.swift in Sources */ = {isa = PBXBuildFile; fileRef = 9CB897B929693C9F0069B800 /* LoginView.swift */; };
/* End PBXBuildFile section */

/* Begin PBXFileReference section */
		0B139930E51693718959B43E /* Pods_bankey_app.framework */ = {isa = PBXFileReference; explicitFileType = wrapper.framework; includeInIndex = 0; path = Pods_bankey_app.framework; sourceTree = BUILT_PRODUCTS_DIR; };
		32933F8A26FDC6AEEBB48695 /* Pods-bankey-app.release.xcconfig */ = {isa = PBXFileReference; includeInIndex = 1; lastKnownFileType = text.xcconfig; name = "Pods-bankey-app.release.xcconfig"; path = "Target Support Files/Pods-bankey-app/Pods-bankey-app.release.xcconfig"; sourceTree = "<group>"; };
		9C25F00829750D6100B285E4 /* SummaryCell.swift */ = {isa = PBXFileReference; lastKnownFileType = sourcecode.swift; path = SummaryCell.swift; sourceTree = "<group>"; };
		9C3FDFA6296FCBD20051E11C /* HomeViewController.swift */ = {isa = PBXFileReference; lastKnownFileType = sourcecode.swift; path = HomeViewController.swift; sourceTree = "<group>"; };
		9C3FDFA9296FD6470051E11C /* LocalState.swift */ = {isa = PBXFileReference; lastKnownFileType = sourcecode.swift; path = LocalState.swift; sourceTree = "<group>"; };
		9C3FDFAB296FE2A20051E11C /* Extensions.swift */ = {isa = PBXFileReference; lastKnownFileType = sourcecode.swift; path = Extensions.swift; sourceTree = "<group>"; };
		9C3FDFAD296FE4250051E11C /* MainViewController.swift */ = {isa = PBXFileReference; lastKnownFileType = sourcecode.swift; path = MainViewController.swift; sourceTree = "<group>"; };
		9C3FDFB029726E100051E11C /* SummaryViewController.swift */ = {isa = PBXFileReference; lastKnownFileType = sourcecode.swift; path = SummaryViewController.swift; sourceTree = "<group>"; };
		9C3FDFB2297272310051E11C /* SummaryHeaderView.swift */ = {isa = PBXFileReference; lastKnownFileType = sourcecode.swift; path = SummaryHeaderView.swift; sourceTree = "<group>"; };
		9CA51A08296A976100B72BA9 /* OnboardingContainerViewController.swift */ = {isa = PBXFileReference; lastKnownFileType = sourcecode.swift; path = OnboardingContainerViewController.swift; sourceTree = "<group>"; };
		9CA51A0A296C452000B72BA9 /* OnboardingViewController.swift */ = {isa = PBXFileReference; lastKnownFileType = sourcecode.swift; path = OnboardingViewController.swift; sourceTree = "<group>"; };
		9CA51A0C296C452D00B72BA9 /* OnboardingView.swift */ = {isa = PBXFileReference; lastKnownFileType = sourcecode.swift; path = OnboardingView.swift; sourceTree = "<group>"; };
		9CB897A0296894FE0069B800 /* bankey-app.app */ = {isa = PBXFileReference; explicitFileType = wrapper.application; includeInIndex = 0; path = "bankey-app.app"; sourceTree = BUILT_PRODUCTS_DIR; };
		9CB897A3296894FE0069B800 /* AppDelegate.swift */ = {isa = PBXFileReference; lastKnownFileType = sourcecode.swift; path = AppDelegate.swift; sourceTree = "<group>"; };
		9CB897A7296894FE0069B800 /* LoginViewController.swift */ = {isa = PBXFileReference; lastKnownFileType = sourcecode.swift; path = LoginViewController.swift; sourceTree = "<group>"; };
		9CB897AC296895000069B800 /* Assets.xcassets */ = {isa = PBXFileReference; lastKnownFileType = folder.assetcatalog; path = Assets.xcassets; sourceTree = "<group>"; };
		9CB897AF296895000069B800 /* Base */ = {isa = PBXFileReference; lastKnownFileType = file.storyboard; name = Base; path = Base.lproj/LaunchScreen.storyboard; sourceTree = "<group>"; };
		9CB897B1296895000069B800 /* Info.plist */ = {isa = PBXFileReference; lastKnownFileType = text.plist.xml; path = Info.plist; sourceTree = "<group>"; };
		9CB897B929693C9F0069B800 /* LoginView.swift */ = {isa = PBXFileReference; lastKnownFileType = sourcecode.swift; path = LoginView.swift; sourceTree = "<group>"; };
		C05AD6A71E63E4955594358F /* Pods-bankey-app.debug.xcconfig */ = {isa = PBXFileReference; includeInIndex = 1; lastKnownFileType = text.xcconfig; name = "Pods-bankey-app.debug.xcconfig"; path = "Target Support Files/Pods-bankey-app/Pods-bankey-app.debug.xcconfig"; sourceTree = "<group>"; };
/* End PBXFileReference section */

/* Begin PBXFrameworksBuildPhase section */
		9CB8979D296894FE0069B800 /* Frameworks */ = {
			isa = PBXFrameworksBuildPhase;
			buildActionMask = 2147483647;
			files = (
				90B32C57712EAEFD5F74DEE1 /* Pods_bankey_app.framework in Frameworks */,
			);
			runOnlyForDeploymentPostprocessing = 0;
		};
/* End PBXFrameworksBuildPhase section */

/* Begin PBXGroup section */
		0CB69D083CFDE06642CE1EB0 /* Frameworks */ = {
			isa = PBXGroup;
			children = (
				0B139930E51693718959B43E /* Pods_bankey_app.framework */,
			);
			name = Frameworks;
			sourceTree = "<group>";
		};
		67522FA9C31B0CC0E956EE05 /* Pods */ = {
			isa = PBXGroup;
			children = (
				C05AD6A71E63E4955594358F /* Pods-bankey-app.debug.xcconfig */,
				32933F8A26FDC6AEEBB48695 /* Pods-bankey-app.release.xcconfig */,
			);
			path = Pods;
			sourceTree = "<group>";
		};
		9C25F00A29750F0C00B285E4 /* Header */ = {
			isa = PBXGroup;
			children = (
				9C3FDFB2297272310051E11C /* SummaryHeaderView.swift */,
			);
			path = Header;
			sourceTree = "<group>";
		};
		9C25F00B29750F1400B285E4 /* Cell */ = {
			isa = PBXGroup;
			children = (
				9C25F00829750D6100B285E4 /* SummaryCell.swift */,
			);
			path = Cell;
			sourceTree = "<group>";
		};
		9C3FDFA5296FCBC70051E11C /* Home */ = {
			isa = PBXGroup;
			children = (
				9C3FDFA6296FCBD20051E11C /* HomeViewController.swift */,
			);
			path = Home;
			sourceTree = "<group>";
		};
		9C3FDFA8296FD63D0051E11C /* Utils */ = {
			isa = PBXGroup;
			children = (
				9C3FDFA9296FD6470051E11C /* LocalState.swift */,
				9C3FDFAB296FE2A20051E11C /* Extensions.swift */,
			);
			path = Utils;
			sourceTree = "<group>";
		};
		9C3FDFAF29726DF10051E11C /* Summary */ = {
			isa = PBXGroup;
			children = (
				9C3FDFB029726E100051E11C /* SummaryViewController.swift */,
				9C25F00B29750F1400B285E4 /* Cell */,
				9C25F00A29750F0C00B285E4 /* Header */,
			);
			path = Summary;
			sourceTree = "<group>";
		};
		9CA51A06296A972600B72BA9 /* Login */ = {
			isa = PBXGroup;
			children = (
				9CB897B929693C9F0069B800 /* LoginView.swift */,
				9CB897A7296894FE0069B800 /* LoginViewController.swift */,
			);
			path = Login;
			sourceTree = "<group>";
		};
		9CA51A07296A973000B72BA9 /* Onboarding */ = {
			isa = PBXGroup;
			children = (
				9CA51A08296A976100B72BA9 /* OnboardingContainerViewController.swift */,
				9CA51A0A296C452000B72BA9 /* OnboardingViewController.swift */,
				9CA51A0C296C452D00B72BA9 /* OnboardingView.swift */,
			);
			path = Onboarding;
			sourceTree = "<group>";
		};
		9CB89797296894FE0069B800 = {
			isa = PBXGroup;
			children = (
				9CB897A2296894FE0069B800 /* bankey-app */,
				9CB897A1296894FE0069B800 /* Products */,
				67522FA9C31B0CC0E956EE05 /* Pods */,
				0CB69D083CFDE06642CE1EB0 /* Frameworks */,
			);
			sourceTree = "<group>";
		};
		9CB897A1296894FE0069B800 /* Products */ = {
			isa = PBXGroup;
			children = (
				9CB897A0296894FE0069B800 /* bankey-app.app */,
			);
			name = Products;
			sourceTree = "<group>";
		};
		9CB897A2296894FE0069B800 /* bankey-app */ = {
			isa = PBXGroup;
			children = (
				9CB897A3296894FE0069B800 /* AppDelegate.swift */,
				9C3FDFAD296FE4250051E11C /* MainViewController.swift */,
				9CA51A06296A972600B72BA9 /* Login */,
				9CA51A07296A973000B72BA9 /* Onboarding */,
				9C3FDFA5296FCBC70051E11C /* Home */,
				9C3FDFAF29726DF10051E11C /* Summary */,
				9C3FDFA8296FD63D0051E11C /* Utils */,
				9CB897AC296895000069B800 /* Assets.xcassets */,
				9CB897AE296895000069B800 /* LaunchScreen.storyboard */,
				9CB897B1296895000069B800 /* Info.plist */,
			);
			path = "bankey-app";
			sourceTree = "<group>";
		};
/* End PBXGroup section */

/* Begin PBXNativeTarget section */
		9CB8979F296894FE0069B800 /* bankey-app */ = {
			isa = PBXNativeTarget;
			buildConfigurationList = 9CB897B4296895000069B800 /* Build configuration list for PBXNativeTarget "bankey-app" */;
			buildPhases = (
				452F4971273A6C18514636EC /* [CP] Check Pods Manifest.lock */,
				9CB8979C296894FE0069B800 /* Sources */,
				9CB8979D296894FE0069B800 /* Frameworks */,
				9CB8979E296894FE0069B800 /* Resources */,
				1CABF774E4C86A86EAE96D1A /* [CP] Embed Pods Frameworks */,
			);
			buildRules = (
			);
			dependencies = (
			);
			name = "bankey-app";
			productName = "bankey-app";
			productReference = 9CB897A0296894FE0069B800 /* bankey-app.app */;
			productType = "com.apple.product-type.application";
		};
/* End PBXNativeTarget section */

/* Begin PBXProject section */
		9CB89798296894FE0069B800 /* Project object */ = {
			isa = PBXProject;
			attributes = {
				BuildIndependentTargetsInParallel = 1;
				LastSwiftUpdateCheck = 1320;
				LastUpgradeCheck = 1320;
				TargetAttributes = {
					9CB8979F296894FE0069B800 = {
						CreatedOnToolsVersion = 13.2.1;
					};
				};
			};
			buildConfigurationList = 9CB8979B296894FE0069B800 /* Build configuration list for PBXProject "bankey-app" */;
			compatibilityVersion = "Xcode 13.0";
			developmentRegion = en;
			hasScannedForEncodings = 0;
			knownRegions = (
				en,
				Base,
			);
			mainGroup = 9CB89797296894FE0069B800;
			productRefGroup = 9CB897A1296894FE0069B800 /* Products */;
			projectDirPath = "";
			projectRoot = "";
			targets = (
				9CB8979F296894FE0069B800 /* bankey-app */,
			);
		};
/* End PBXProject section */

/* Begin PBXResourcesBuildPhase section */
		9CB8979E296894FE0069B800 /* Resources */ = {
			isa = PBXResourcesBuildPhase;
			buildActionMask = 2147483647;
			files = (
				9CB897B0296895000069B800 /* LaunchScreen.storyboard in Resources */,
				9CB897AD296895000069B800 /* Assets.xcassets in Resources */,
			);
			runOnlyForDeploymentPostprocessing = 0;
		};
/* End PBXResourcesBuildPhase section */

/* Begin PBXShellScriptBuildPhase section */
		1CABF774E4C86A86EAE96D1A /* [CP] Embed Pods Frameworks */ = {
			isa = PBXShellScriptBuildPhase;
			buildActionMask = 2147483647;
			files = (
			);
			inputFileListPaths = (
				"${PODS_ROOT}/Target Support Files/Pods-bankey-app/Pods-bankey-app-frameworks-${CONFIGURATION}-input-files.xcfilelist",
			);
			name = "[CP] Embed Pods Frameworks";
			outputFileListPaths = (
				"${PODS_ROOT}/Target Support Files/Pods-bankey-app/Pods-bankey-app-frameworks-${CONFIGURATION}-output-files.xcfilelist",
			);
			runOnlyForDeploymentPostprocessing = 0;
			shellPath = /bin/sh;
			shellScript = "\"${PODS_ROOT}/Target Support Files/Pods-bankey-app/Pods-bankey-app-frameworks.sh\"\n";
			showEnvVarsInLog = 0;
		};
		452F4971273A6C18514636EC /* [CP] Check Pods Manifest.lock */ = {
			isa = PBXShellScriptBuildPhase;
			buildActionMask = 2147483647;
			files = (
			);
			inputFileListPaths = (
			);
			inputPaths = (
				"${PODS_PODFILE_DIR_PATH}/Podfile.lock",
				"${PODS_ROOT}/Manifest.lock",
			);
			name = "[CP] Check Pods Manifest.lock";
			outputFileListPaths = (
			);
			outputPaths = (
				"$(DERIVED_FILE_DIR)/Pods-bankey-app-checkManifestLockResult.txt",
			);
			runOnlyForDeploymentPostprocessing = 0;
			shellPath = /bin/sh;
			shellScript = "diff \"${PODS_PODFILE_DIR_PATH}/Podfile.lock\" \"${PODS_ROOT}/Manifest.lock\" > /dev/null\nif [ $? != 0 ] ; then\n    # print error to STDERR\n    echo \"error: The sandbox is not in sync with the Podfile.lock. Run 'pod install' or update your CocoaPods installation.\" >&2\n    exit 1\nfi\n# This output is used by Xcode 'outputs' to avoid re-running this script phase.\necho \"SUCCESS\" > \"${SCRIPT_OUTPUT_FILE_0}\"\n";
			showEnvVarsInLog = 0;
		};
/* End PBXShellScriptBuildPhase section */

/* Begin PBXSourcesBuildPhase section */
		9CB8979C296894FE0069B800 /* Sources */ = {
			isa = PBXSourcesBuildPhase;
			buildActionMask = 2147483647;
			files = (
				9CB897BA29693C9F0069B800 /* LoginView.swift in Sources */,
				9C3FDFAC296FE2A20051E11C /* Extensions.swift in Sources */,
				9CB897A8296894FE0069B800 /* LoginViewController.swift in Sources */,
				9CA51A0B296C452000B72BA9 /* OnboardingViewController.swift in Sources */,
				9C3FDFB129726E100051E11C /* SummaryViewController.swift in Sources */,
				9CA51A0D296C452D00B72BA9 /* OnboardingView.swift in Sources */,
				9CB897A4296894FE0069B800 /* AppDelegate.swift in Sources */,
				9C3FDFA7296FCBD20051E11C /* HomeViewController.swift in Sources */,
				9C3FDFB3297272310051E11C /* SummaryHeaderView.swift in Sources */,
				9CA51A09296A976100B72BA9 /* OnboardingContainerViewController.swift in Sources */,
				9C3FDFAA296FD6470051E11C /* LocalState.swift in Sources */,
				9C3FDFAE296FE4250051E11C /* MainViewController.swift in Sources */,
				9C25F00929750D6100B285E4 /* SummaryCell.swift in Sources */,
			);
			runOnlyForDeploymentPostprocessing = 0;
		};
/* End PBXSourcesBuildPhase section */

/* Begin PBXVariantGroup section */
		9CB897AE296895000069B800 /* LaunchScreen.storyboard */ = {
			isa = PBXVariantGroup;
			children = (
				9CB897AF296895000069B800 /* Base */,
			);
			name = LaunchScreen.storyboard;
			sourceTree = "<group>";
		};
/* End PBXVariantGroup section */

/* Begin XCBuildConfiguration section */
		9CB897B2296895000069B800 /* Debug */ = {
			isa = XCBuildConfiguration;
			buildSettings = {
				ALWAYS_SEARCH_USER_PATHS = NO;
				CLANG_ANALYZER_NONNULL = YES;
				CLANG_ANALYZER_NUMBER_OBJECT_CONVERSION = YES_AGGRESSIVE;
				CLANG_CXX_LANGUAGE_STANDARD = "gnu++17";
				CLANG_CXX_LIBRARY = "libc++";
				CLANG_ENABLE_MODULES = YES;
				CLANG_ENABLE_OBJC_ARC = YES;
				CLANG_ENABLE_OBJC_WEAK = YES;
				CLANG_WARN_BLOCK_CAPTURE_AUTORELEASING = YES;
				CLANG_WARN_BOOL_CONVERSION = YES;
				CLANG_WARN_COMMA = YES;
				CLANG_WARN_CONSTANT_CONVERSION = YES;
				CLANG_WARN_DEPRECATED_OBJC_IMPLEMENTATIONS = YES;
				CLANG_WARN_DIRECT_OBJC_ISA_USAGE = YES_ERROR;
				CLANG_WARN_DOCUMENTATION_COMMENTS = YES;
				CLANG_WARN_EMPTY_BODY = YES;
				CLANG_WARN_ENUM_CONVERSION = YES;
				CLANG_WARN_INFINITE_RECURSION = YES;
				CLANG_WARN_INT_CONVERSION = YES;
				CLANG_WARN_NON_LITERAL_NULL_CONVERSION = YES;
				CLANG_WARN_OBJC_IMPLICIT_RETAIN_SELF = YES;
				CLANG_WARN_OBJC_LITERAL_CONVERSION = YES;
				CLANG_WARN_OBJC_ROOT_CLASS = YES_ERROR;
				CLANG_WARN_QUOTED_INCLUDE_IN_FRAMEWORK_HEADER = YES;
				CLANG_WARN_RANGE_LOOP_ANALYSIS = YES;
				CLANG_WARN_STRICT_PROTOTYPES = YES;
				CLANG_WARN_SUSPICIOUS_MOVE = YES;
				CLANG_WARN_UNGUARDED_AVAILABILITY = YES_AGGRESSIVE;
				CLANG_WARN_UNREACHABLE_CODE = YES;
				CLANG_WARN__DUPLICATE_METHOD_MATCH = YES;
				COPY_PHASE_STRIP = NO;
				DEBUG_INFORMATION_FORMAT = dwarf;
				ENABLE_STRICT_OBJC_MSGSEND = YES;
				ENABLE_TESTABILITY = YES;
				GCC_C_LANGUAGE_STANDARD = gnu11;
				GCC_DYNAMIC_NO_PIC = NO;
				GCC_NO_COMMON_BLOCKS = YES;
				GCC_OPTIMIZATION_LEVEL = 0;
				GCC_PREPROCESSOR_DEFINITIONS = (
					"DEBUG=1",
					"$(inherited)",
				);
				GCC_WARN_64_TO_32_BIT_CONVERSION = YES;
				GCC_WARN_ABOUT_RETURN_TYPE = YES_ERROR;
				GCC_WARN_UNDECLARED_SELECTOR = YES;
				GCC_WARN_UNINITIALIZED_AUTOS = YES_AGGRESSIVE;
				GCC_WARN_UNUSED_FUNCTION = YES;
				GCC_WARN_UNUSED_VARIABLE = YES;
				IPHONEOS_DEPLOYMENT_TARGET = 15.2;
				MTL_ENABLE_DEBUG_INFO = INCLUDE_SOURCE;
				MTL_FAST_MATH = YES;
				ONLY_ACTIVE_ARCH = YES;
				SDKROOT = iphoneos;
				SWIFT_ACTIVE_COMPILATION_CONDITIONS = DEBUG;
				SWIFT_OPTIMIZATION_LEVEL = "-Onone";
			};
			name = Debug;
		};
		9CB897B3296895000069B800 /* Release */ = {
			isa = XCBuildConfiguration;
			buildSettings = {
				ALWAYS_SEARCH_USER_PATHS = NO;
				CLANG_ANALYZER_NONNULL = YES;
				CLANG_ANALYZER_NUMBER_OBJECT_CONVERSION = YES_AGGRESSIVE;
				CLANG_CXX_LANGUAGE_STANDARD = "gnu++17";
				CLANG_CXX_LIBRARY = "libc++";
				CLANG_ENABLE_MODULES = YES;
				CLANG_ENABLE_OBJC_ARC = YES;
				CLANG_ENABLE_OBJC_WEAK = YES;
				CLANG_WARN_BLOCK_CAPTURE_AUTORELEASING = YES;
				CLANG_WARN_BOOL_CONVERSION = YES;
				CLANG_WARN_COMMA = YES;
				CLANG_WARN_CONSTANT_CONVERSION = YES;
				CLANG_WARN_DEPRECATED_OBJC_IMPLEMENTATIONS = YES;
				CLANG_WARN_DIRECT_OBJC_ISA_USAGE = YES_ERROR;
				CLANG_WARN_DOCUMENTATION_COMMENTS = YES;
				CLANG_WARN_EMPTY_BODY = YES;
				CLANG_WARN_ENUM_CONVERSION = YES;
				CLANG_WARN_INFINITE_RECURSION = YES;
				CLANG_WARN_INT_CONVERSION = YES;
				CLANG_WARN_NON_LITERAL_NULL_CONVERSION = YES;
				CLANG_WARN_OBJC_IMPLICIT_RETAIN_SELF = YES;
				CLANG_WARN_OBJC_LITERAL_CONVERSION = YES;
				CLANG_WARN_OBJC_ROOT_CLASS = YES_ERROR;
				CLANG_WARN_QUOTED_INCLUDE_IN_FRAMEWORK_HEADER = YES;
				CLANG_WARN_RANGE_LOOP_ANALYSIS = YES;
				CLANG_WARN_STRICT_PROTOTYPES = YES;
				CLANG_WARN_SUSPICIOUS_MOVE = YES;
				CLANG_WARN_UNGUARDED_AVAILABILITY = YES_AGGRESSIVE;
				CLANG_WARN_UNREACHABLE_CODE = YES;
				CLANG_WARN__DUPLICATE_METHOD_MATCH = YES;
				COPY_PHASE_STRIP = NO;
				DEBUG_INFORMATION_FORMAT = "dwarf-with-dsym";
				ENABLE_NS_ASSERTIONS = NO;
				ENABLE_STRICT_OBJC_MSGSEND = YES;
				GCC_C_LANGUAGE_STANDARD = gnu11;
				GCC_NO_COMMON_BLOCKS = YES;
				GCC_WARN_64_TO_32_BIT_CONVERSION = YES;
				GCC_WARN_ABOUT_RETURN_TYPE = YES_ERROR;
				GCC_WARN_UNDECLARED_SELECTOR = YES;
				GCC_WARN_UNINITIALIZED_AUTOS = YES_AGGRESSIVE;
				GCC_WARN_UNUSED_FUNCTION = YES;
				GCC_WARN_UNUSED_VARIABLE = YES;
				IPHONEOS_DEPLOYMENT_TARGET = 15.2;
				MTL_ENABLE_DEBUG_INFO = NO;
				MTL_FAST_MATH = YES;
				SDKROOT = iphoneos;
				SWIFT_COMPILATION_MODE = wholemodule;
				SWIFT_OPTIMIZATION_LEVEL = "-O";
				VALIDATE_PRODUCT = YES;
			};
			name = Release;
		};
		9CB897B5296895000069B800 /* Debug */ = {
			isa = XCBuildConfiguration;
			baseConfigurationReference = C05AD6A71E63E4955594358F /* Pods-bankey-app.debug.xcconfig */;
			buildSettings = {
				ASSETCATALOG_COMPILER_APPICON_NAME = AppIcon;
				ASSETCATALOG_COMPILER_GLOBAL_ACCENT_COLOR_NAME = AccentColor;
				CODE_SIGN_STYLE = Automatic;
				CURRENT_PROJECT_VERSION = 1;
				DEVELOPMENT_TEAM = 4CGJ66G3BY;
				GENERATE_INFOPLIST_FILE = YES;
				INFOPLIST_FILE = "bankey-app/Info.plist";
				INFOPLIST_KEY_UIApplicationSupportsIndirectInputEvents = YES;
				INFOPLIST_KEY_UILaunchStoryboardName = LaunchScreen;
				INFOPLIST_KEY_UISupportedInterfaceOrientations_iPad = "UIInterfaceOrientationPortrait UIInterfaceOrientationPortraitUpsideDown UIInterfaceOrientationLandscapeLeft UIInterfaceOrientationLandscapeRight";
				INFOPLIST_KEY_UISupportedInterfaceOrientations_iPhone = "UIInterfaceOrientationPortrait UIInterfaceOrientationLandscapeLeft UIInterfaceOrientationLandscapeRight";
				LD_RUNPATH_SEARCH_PATHS = (
					"$(inherited)",
					"@executable_path/Frameworks",
				);
				MARKETING_VERSION = 1.0;
				PRODUCT_BUNDLE_IDENTIFIER = "Dinara-Zimanova.bankey-app";
				PRODUCT_NAME = "$(TARGET_NAME)";
				SWIFT_EMIT_LOC_STRINGS = YES;
				SWIFT_VERSION = 5.0;
				TARGETED_DEVICE_FAMILY = "1,2";
			};
			name = Debug;
		};
		9CB897B6296895000069B800 /* Release */ = {
			isa = XCBuildConfiguration;
			baseConfigurationReference = 32933F8A26FDC6AEEBB48695 /* Pods-bankey-app.release.xcconfig */;
			buildSettings = {
				ASSETCATALOG_COMPILER_APPICON_NAME = AppIcon;
				ASSETCATALOG_COMPILER_GLOBAL_ACCENT_COLOR_NAME = AccentColor;
				CODE_SIGN_STYLE = Automatic;
				CURRENT_PROJECT_VERSION = 1;
				DEVELOPMENT_TEAM = 4CGJ66G3BY;
				GENERATE_INFOPLIST_FILE = YES;
				INFOPLIST_FILE = "bankey-app/Info.plist";
				INFOPLIST_KEY_UIApplicationSupportsIndirectInputEvents = YES;
				INFOPLIST_KEY_UILaunchStoryboardName = LaunchScreen;
				INFOPLIST_KEY_UISupportedInterfaceOrientations_iPad = "UIInterfaceOrientationPortrait UIInterfaceOrientationPortraitUpsideDown UIInterfaceOrientationLandscapeLeft UIInterfaceOrientationLandscapeRight";
				INFOPLIST_KEY_UISupportedInterfaceOrientations_iPhone = "UIInterfaceOrientationPortrait UIInterfaceOrientationLandscapeLeft UIInterfaceOrientationLandscapeRight";
				LD_RUNPATH_SEARCH_PATHS = (
					"$(inherited)",
					"@executable_path/Frameworks",
				);
				MARKETING_VERSION = 1.0;
				PRODUCT_BUNDLE_IDENTIFIER = "Dinara-Zimanova.bankey-app";
				PRODUCT_NAME = "$(TARGET_NAME)";
				SWIFT_EMIT_LOC_STRINGS = YES;
				SWIFT_VERSION = 5.0;
				TARGETED_DEVICE_FAMILY = "1,2";
			};
			name = Release;
		};
/* End XCBuildConfiguration section */

/* Begin XCConfigurationList section */
		9CB8979B296894FE0069B800 /* Build configuration list for PBXProject "bankey-app" */ = {
			isa = XCConfigurationList;
			buildConfigurations = (
				9CB897B2296895000069B800 /* Debug */,
				9CB897B3296895000069B800 /* Release */,
			);
			defaultConfigurationIsVisible = 0;
			defaultConfigurationName = Release;
		};
		9CB897B4296895000069B800 /* Build configuration list for PBXNativeTarget "bankey-app" */ = {
			isa = XCConfigurationList;
			buildConfigurations = (
				9CB897B5296895000069B800 /* Debug */,
				9CB897B6296895000069B800 /* Release */,
			);
			defaultConfigurationIsVisible = 0;
			defaultConfigurationName = Release;
		};
/* End XCConfigurationList section */
	};
	rootObject = 9CB89798296894FE0069B800 /* Project object */;
}
